
Microsoft Visual Studio Solution File, Format Version 12.00
# Visual Studio 15
VisualStudioVersion = 15.0.26430.13
MinimumVisualStudioVersion = 10.0.40219.1
Project("{FAE04EC0-301F-11D3-BF4B-00C04F79EFBC}") = "Declaration.Android", "Declaration\Declaration.Android\Declaration.Android.csproj", "{08BD30CF-1064-4924-8633-81051E3E1728}"
EndProject
Project("{FAE04EC0-301F-11D3-BF4B-00C04F79EFBC}") = "Declaration", "Declaration\Declaration\Declaration.csproj", "{C0498010-1B6B-41A6-8FD4-7171B8C920ED}"
EndProject
Project("{FAE04EC0-301F-11D3-BF4B-00C04F79EFBC}") = "Declaration.UWP", "Declaration\Declaration.UWP\Declaration.UWP.csproj", "{3EF28193-8B4E-46CA-A510-556B5490FF1E}"
EndProject
Project("{FAE04EC0-301F-11D3-BF4B-00C04F79EFBC}") = "Declaration.iOS", "Declaration\Declaration.iOS\Declaration.iOS.csproj", "{CAFC4C60-F87A-4E99-9AAB-A98DA96DEE99}"
EndProject
Global
	GlobalSection(SolutionConfigurationPlatforms) = preSolution
		Ad-Hoc|Any CPU = Ad-Hoc|Any CPU
		Ad-Hoc|ARM = Ad-Hoc|ARM
		Ad-Hoc|iPhone = Ad-Hoc|iPhone
		Ad-Hoc|iPhoneSimulator = Ad-Hoc|iPhoneSimulator
		Ad-Hoc|x64 = Ad-Hoc|x64
		Ad-Hoc|x86 = Ad-Hoc|x86
		AppStore|Any CPU = AppStore|Any CPU
		AppStore|ARM = AppStore|ARM
		AppStore|iPhone = AppStore|iPhone
		AppStore|iPhoneSimulator = AppStore|iPhoneSimulator
		AppStore|x64 = AppStore|x64
		AppStore|x86 = AppStore|x86
		Debug|Any CPU = Debug|Any CPU
		Debug|ARM = Debug|ARM
		Debug|iPhone = Debug|iPhone
		Debug|iPhoneSimulator = Debug|iPhoneSimulator
		Debug|x64 = Debug|x64
		Debug|x86 = Debug|x86
		Release|Any CPU = Release|Any CPU
		Release|ARM = Release|ARM
		Release|iPhone = Release|iPhone
		Release|iPhoneSimulator = Release|iPhoneSimulator
		Release|x64 = Release|x64
		Release|x86 = Release|x86
	EndGlobalSection
	GlobalSection(ProjectConfigurationPlatforms) = postSolution
		{08BD30CF-1064-4924-8633-81051E3E1728}.Ad-Hoc|Any CPU.ActiveCfg = Release|Any CPU
		{08BD30CF-1064-4924-8633-81051E3E1728}.Ad-Hoc|Any CPU.Build.0 = Release|Any CPU
		{08BD30CF-1064-4924-8633-81051E3E1728}.Ad-Hoc|Any CPU.Deploy.0 = Release|Any CPU
		{08BD30CF-1064-4924-8633-81051E3E1728}.Ad-Hoc|ARM.ActiveCfg = Release|Any CPU
		{08BD30CF-1064-4924-8633-81051E3E1728}.Ad-Hoc|ARM.Build.0 = Release|Any CPU
		{08BD30CF-1064-4924-8633-81051E3E1728}.Ad-Hoc|ARM.Deploy.0 = Release|Any CPU
		{08BD30CF-1064-4924-8633-81051E3E1728}.Ad-Hoc|iPhone.ActiveCfg = Release|Any CPU
		{08BD30CF-1064-4924-8633-81051E3E1728}.Ad-Hoc|iPhone.Build.0 = Release|Any CPU
		{08BD30CF-1064-4924-8633-81051E3E1728}.Ad-Hoc|iPhone.Deploy.0 = Release|Any CPU
		{08BD30CF-1064-4924-8633-81051E3E1728}.Ad-Hoc|iPhoneSimulator.ActiveCfg = Release|Any CPU
		{08BD30CF-1064-4924-8633-81051E3E1728}.Ad-Hoc|iPhoneSimulator.Build.0 = Release|Any CPU
		{08BD30CF-1064-4924-8633-81051E3E1728}.Ad-Hoc|iPhoneSimulator.Deploy.0 = Release|Any CPU
		{08BD30CF-1064-4924-8633-81051E3E1728}.Ad-Hoc|x64.ActiveCfg = Release|Any CPU
		{08BD30CF-1064-4924-8633-81051E3E1728}.Ad-Hoc|x64.Build.0 = Release|Any CPU
		{08BD30CF-1064-4924-8633-81051E3E1728}.Ad-Hoc|x64.Deploy.0 = Release|Any CPU
		{08BD30CF-1064-4924-8633-81051E3E1728}.Ad-Hoc|x86.ActiveCfg = Release|Any CPU
		{08BD30CF-1064-4924-8633-81051E3E1728}.Ad-Hoc|x86.Build.0 = Release|Any CPU
		{08BD30CF-1064-4924-8633-81051E3E1728}.Ad-Hoc|x86.Deploy.0 = Release|Any CPU
		{08BD30CF-1064-4924-8633-81051E3E1728}.AppStore|Any CPU.ActiveCfg = Release|Any CPU
		{08BD30CF-1064-4924-8633-81051E3E1728}.AppStore|Any CPU.Build.0 = Release|Any CPU
		{08BD30CF-1064-4924-8633-81051E3E1728}.AppStore|Any CPU.Deploy.0 = Release|Any CPU
		{08BD30CF-1064-4924-8633-81051E3E1728}.AppStore|ARM.ActiveCfg = Release|Any CPU
		{08BD30CF-1064-4924-8633-81051E3E1728}.AppStore|ARM.Build.0 = Release|Any CPU
		{08BD30CF-1064-4924-8633-81051E3E1728}.AppStore|ARM.Deploy.0 = Release|Any CPU
		{08BD30CF-1064-4924-8633-81051E3E1728}.AppStore|iPhone.ActiveCfg = Release|Any CPU
		{08BD30CF-1064-4924-8633-81051E3E1728}.AppStore|iPhone.Build.0 = Release|Any CPU
		{08BD30CF-1064-4924-8633-81051E3E1728}.AppStore|iPhone.Deploy.0 = Release|Any CPU
		{08BD30CF-1064-4924-8633-81051E3E1728}.AppStore|iPhoneSimulator.ActiveCfg = Release|Any CPU
		{08BD30CF-1064-4924-8633-81051E3E1728}.AppStore|iPhoneSimulator.Build.0 = Release|Any CPU
		{08BD30CF-1064-4924-8633-81051E3E1728}.AppStore|iPhoneSimulator.Deploy.0 = Release|Any CPU
		{08BD30CF-1064-4924-8633-81051E3E1728}.AppStore|x64.ActiveCfg = Release|Any CPU
		{08BD30CF-1064-4924-8633-81051E3E1728}.AppStore|x64.Build.0 = Release|Any CPU
		{08BD30CF-1064-4924-8633-81051E3E1728}.AppStore|x64.Deploy.0 = Release|Any CPU
		{08BD30CF-1064-4924-8633-81051E3E1728}.AppStore|x86.ActiveCfg = Release|Any CPU
		{08BD30CF-1064-4924-8633-81051E3E1728}.AppStore|x86.Build.0 = Release|Any CPU
		{08BD30CF-1064-4924-8633-81051E3E1728}.AppStore|x86.Deploy.0 = Release|Any CPU
		{08BD30CF-1064-4924-8633-81051E3E1728}.Debug|Any CPU.ActiveCfg = Debug|Any CPU
		{08BD30CF-1064-4924-8633-81051E3E1728}.Debug|Any CPU.Build.0 = Debug|Any CPU
		{08BD30CF-1064-4924-8633-81051E3E1728}.Debug|Any CPU.Deploy.0 = Debug|Any CPU
		{08BD30CF-1064-4924-8633-81051E3E1728}.Debug|ARM.ActiveCfg = Debug|Any CPU
		{08BD30CF-1064-4924-8633-81051E3E1728}.Debug|ARM.Build.0 = Debug|Any CPU
		{08BD30CF-1064-4924-8633-81051E3E1728}.Debug|ARM.Deploy.0 = Debug|Any CPU
		{08BD30CF-1064-4924-8633-81051E3E1728}.Debug|iPhone.ActiveCfg = Debug|Any CPU
		{08BD30CF-1064-4924-8633-81051E3E1728}.Debug|iPhone.Build.0 = Debug|Any CPU
		{08BD30CF-1064-4924-8633-81051E3E1728}.Debug|iPhone.Deploy.0 = Debug|Any CPU
		{08BD30CF-1064-4924-8633-81051E3E1728}.Debug|iPhoneSimulator.ActiveCfg = Debug|Any CPU
		{08BD30CF-1064-4924-8633-81051E3E1728}.Debug|iPhoneSimulator.Build.0 = Debug|Any CPU
		{08BD30CF-1064-4924-8633-81051E3E1728}.Debug|iPhoneSimulator.Deploy.0 = Debug|Any CPU
		{08BD30CF-1064-4924-8633-81051E3E1728}.Debug|x64.ActiveCfg = Debug|Any CPU
		{08BD30CF-1064-4924-8633-81051E3E1728}.Debug|x64.Build.0 = Debug|Any CPU
		{08BD30CF-1064-4924-8633-81051E3E1728}.Debug|x64.Deploy.0 = Debug|Any CPU
		{08BD30CF-1064-4924-8633-81051E3E1728}.Debug|x86.ActiveCfg = Debug|Any CPU
		{08BD30CF-1064-4924-8633-81051E3E1728}.Debug|x86.Build.0 = Debug|Any CPU
		{08BD30CF-1064-4924-8633-81051E3E1728}.Debug|x86.Deploy.0 = Debug|Any CPU
		{08BD30CF-1064-4924-8633-81051E3E1728}.Release|Any CPU.ActiveCfg = Release|Any CPU
		{08BD30CF-1064-4924-8633-81051E3E1728}.Release|Any CPU.Build.0 = Release|Any CPU
		{08BD30CF-1064-4924-8633-81051E3E1728}.Release|Any CPU.Deploy.0 = Release|Any CPU
		{08BD30CF-1064-4924-8633-81051E3E1728}.Release|ARM.ActiveCfg = Release|Any CPU
		{08BD30CF-1064-4924-8633-81051E3E1728}.Release|ARM.Build.0 = Release|Any CPU
		{08BD30CF-1064-4924-8633-81051E3E1728}.Release|ARM.Deploy.0 = Release|Any CPU
		{08BD30CF-1064-4924-8633-81051E3E1728}.Release|iPhone.ActiveCfg = Release|Any CPU
		{08BD30CF-1064-4924-8633-81051E3E1728}.Release|iPhone.Build.0 = Release|Any CPU
		{08BD30CF-1064-4924-8633-81051E3E1728}.Release|iPhone.Deploy.0 = Release|Any CPU
		{08BD30CF-1064-4924-8633-81051E3E1728}.Release|iPhoneSimulator.ActiveCfg = Release|Any CPU
		{08BD30CF-1064-4924-8633-81051E3E1728}.Release|iPhoneSimulator.Build.0 = Release|Any CPU
		{08BD30CF-1064-4924-8633-81051E3E1728}.Release|iPhoneSimulator.Deploy.0 = Release|Any CPU
		{08BD30CF-1064-4924-8633-81051E3E1728}.Release|x64.ActiveCfg = Release|Any CPU
		{08BD30CF-1064-4924-8633-81051E3E1728}.Release|x64.Build.0 = Release|Any CPU
		{08BD30CF-1064-4924-8633-81051E3E1728}.Release|x64.Deploy.0 = Release|Any CPU
		{08BD30CF-1064-4924-8633-81051E3E1728}.Release|x86.ActiveCfg = Release|Any CPU
		{08BD30CF-1064-4924-8633-81051E3E1728}.Release|x86.Build.0 = Release|Any CPU
		{08BD30CF-1064-4924-8633-81051E3E1728}.Release|x86.Deploy.0 = Release|Any CPU
		{C0498010-1B6B-41A6-8FD4-7171B8C920ED}.Ad-Hoc|Any CPU.ActiveCfg = Release|Any CPU
		{C0498010-1B6B-41A6-8FD4-7171B8C920ED}.Ad-Hoc|Any CPU.Build.0 = Release|Any CPU
		{C0498010-1B6B-41A6-8FD4-7171B8C920ED}.Ad-Hoc|ARM.ActiveCfg = Release|Any CPU
		{C0498010-1B6B-41A6-8FD4-7171B8C920ED}.Ad-Hoc|ARM.Build.0 = Release|Any CPU
		{C0498010-1B6B-41A6-8FD4-7171B8C920ED}.Ad-Hoc|iPhone.ActiveCfg = Release|Any CPU
		{C0498010-1B6B-41A6-8FD4-7171B8C920ED}.Ad-Hoc|iPhone.Build.0 = Release|Any CPU
		{C0498010-1B6B-41A6-8FD4-7171B8C920ED}.Ad-Hoc|iPhoneSimulator.ActiveCfg = Release|Any CPU
		{C0498010-1B6B-41A6-8FD4-7171B8C920ED}.Ad-Hoc|iPhoneSimulator.Build.0 = Release|Any CPU
		{C0498010-1B6B-41A6-8FD4-7171B8C920ED}.Ad-Hoc|x64.ActiveCfg = Release|Any CPU
		{C0498010-1B6B-41A6-8FD4-7171B8C920ED}.Ad-Hoc|x64.Build.0 = Release|Any CPU
		{C0498010-1B6B-41A6-8FD4-7171B8C920ED}.Ad-Hoc|x86.ActiveCfg = Release|Any CPU
		{C0498010-1B6B-41A6-8FD4-7171B8C920ED}.Ad-Hoc|x86.Build.0 = Release|Any CPU
		{C0498010-1B6B-41A6-8FD4-7171B8C920ED}.AppStore|Any CPU.ActiveCfg = Release|Any CPU
		{C0498010-1B6B-41A6-8FD4-7171B8C920ED}.AppStore|Any CPU.Build.0 = Release|Any CPU
		{C0498010-1B6B-41A6-8FD4-7171B8C920ED}.AppStore|ARM.ActiveCfg = Release|Any CPU
		{C0498010-1B6B-41A6-8FD4-7171B8C920ED}.AppStore|ARM.Build.0 = Release|Any CPU
		{C0498010-1B6B-41A6-8FD4-7171B8C920ED}.AppStore|iPhone.ActiveCfg = Release|Any CPU
		{C0498010-1B6B-41A6-8FD4-7171B8C920ED}.AppStore|iPhone.Build.0 = Release|Any CPU
		{C0498010-1B6B-41A6-8FD4-7171B8C920ED}.AppStore|iPhoneSimulator.ActiveCfg = Release|Any CPU
		{C0498010-1B6B-41A6-8FD4-7171B8C920ED}.AppStore|iPhoneSimulator.Build.0 = Release|Any CPU
		{C0498010-1B6B-41A6-8FD4-7171B8C920ED}.AppStore|x64.ActiveCfg = Release|Any CPU
		{C0498010-1B6B-41A6-8FD4-7171B8C920ED}.AppStore|x64.Build.0 = Release|Any CPU
		{C0498010-1B6B-41A6-8FD4-7171B8C920ED}.AppStore|x86.ActiveCfg = Release|Any CPU
		{C0498010-1B6B-41A6-8FD4-7171B8C920ED}.AppStore|x86.Build.0 = Release|Any CPU
		{C0498010-1B6B-41A6-8FD4-7171B8C920ED}.Debug|Any CPU.ActiveCfg = Debug|Any CPU
		{C0498010-1B6B-41A6-8FD4-7171B8C920ED}.Debug|Any CPU.Build.0 = Debug|Any CPU
		{C0498010-1B6B-41A6-8FD4-7171B8C920ED}.Debug|ARM.ActiveCfg = Debug|Any CPU
		{C0498010-1B6B-41A6-8FD4-7171B8C920ED}.Debug|ARM.Build.0 = Debug|Any CPU
		{C0498010-1B6B-41A6-8FD4-7171B8C920ED}.Debug|iPhone.ActiveCfg = Debug|Any CPU
		{C0498010-1B6B-41A6-8FD4-7171B8C920ED}.Debug|iPhone.Build.0 = Debug|Any CPU
		{C0498010-1B6B-41A6-8FD4-7171B8C920ED}.Debug|iPhoneSimulator.ActiveCfg = Debug|Any CPU
		{C0498010-1B6B-41A6-8FD4-7171B8C920ED}.Debug|iPhoneSimulator.Build.0 = Debug|Any CPU
		{C0498010-1B6B-41A6-8FD4-7171B8C920ED}.Debug|x64.ActiveCfg = Debug|Any CPU
		{C0498010-1B6B-41A6-8FD4-7171B8C920ED}.Debug|x64.Build.0 = Debug|Any CPU
		{C0498010-1B6B-41A6-8FD4-7171B8C920ED}.Debug|x86.ActiveCfg = Debug|Any CPU
		{C0498010-1B6B-41A6-8FD4-7171B8C920ED}.Debug|x86.Build.0 = Debug|Any CPU
		{C0498010-1B6B-41A6-8FD4-7171B8C920ED}.Release|Any CPU.ActiveCfg = Release|Any CPU
		{C0498010-1B6B-41A6-8FD4-7171B8C920ED}.Release|Any CPU.Build.0 = Release|Any CPU
		{C0498010-1B6B-41A6-8FD4-7171B8C920ED}.Release|ARM.ActiveCfg = Release|Any CPU
		{C0498010-1B6B-41A6-8FD4-7171B8C920ED}.Release|ARM.Build.0 = Release|Any CPU
		{C0498010-1B6B-41A6-8FD4-7171B8C920ED}.Release|iPhone.ActiveCfg = Release|Any CPU
		{C0498010-1B6B-41A6-8FD4-7171B8C920ED}.Release|iPhone.Build.0 = Release|Any CPU
		{C0498010-1B6B-41A6-8FD4-7171B8C920ED}.Release|iPhoneSimulator.ActiveCfg = Release|Any CPU
		{C0498010-1B6B-41A6-8FD4-7171B8C920ED}.Release|iPhoneSimulator.Build.0 = Release|Any CPU
		{C0498010-1B6B-41A6-8FD4-7171B8C920ED}.Release|x64.ActiveCfg = Release|Any CPU
		{C0498010-1B6B-41A6-8FD4-7171B8C920ED}.Release|x64.Build.0 = Release|Any CPU
		{C0498010-1B6B-41A6-8FD4-7171B8C920ED}.Release|x86.ActiveCfg = Release|Any CPU
		{C0498010-1B6B-41A6-8FD4-7171B8C920ED}.Release|x86.Build.0 = Release|Any CPU
		{3EF28193-8B4E-46CA-A510-556B5490FF1E}.Ad-Hoc|Any CPU.ActiveCfg = Release|x86
		{3EF28193-8B4E-46CA-A510-556B5490FF1E}.Ad-Hoc|Any CPU.Build.0 = Release|x86
		{3EF28193-8B4E-46CA-A510-556B5490FF1E}.Ad-Hoc|Any CPU.Deploy.0 = Release|x86
		{3EF28193-8B4E-46CA-A510-556B5490FF1E}.Ad-Hoc|ARM.ActiveCfg = Release|ARM
		{3EF28193-8B4E-46CA-A510-556B5490FF1E}.Ad-Hoc|ARM.Build.0 = Release|ARM
		{3EF28193-8B4E-46CA-A510-556B5490FF1E}.Ad-Hoc|ARM.Deploy.0 = Release|ARM
		{3EF28193-8B4E-46CA-A510-556B5490FF1E}.Ad-Hoc|iPhone.ActiveCfg = Release|x86
		{3EF28193-8B4E-46CA-A510-556B5490FF1E}.Ad-Hoc|iPhone.Build.0 = Release|x86
		{3EF28193-8B4E-46CA-A510-556B5490FF1E}.Ad-Hoc|iPhone.Deploy.0 = Release|x86
		{3EF28193-8B4E-46CA-A510-556B5490FF1E}.Ad-Hoc|iPhoneSimulator.ActiveCfg = Release|x86
		{3EF28193-8B4E-46CA-A510-556B5490FF1E}.Ad-Hoc|iPhoneSimulator.Build.0 = Release|x86
		{3EF28193-8B4E-46CA-A510-556B5490FF1E}.Ad-Hoc|iPhoneSimulator.Deploy.0 = Release|x86
		{3EF28193-8B4E-46CA-A510-556B5490FF1E}.Ad-Hoc|x64.ActiveCfg = Release|x64
		{3EF28193-8B4E-46CA-A510-556B5490FF1E}.Ad-Hoc|x64.Build.0 = Release|x64
		{3EF28193-8B4E-46CA-A510-556B5490FF1E}.Ad-Hoc|x64.Deploy.0 = Release|x64
		{3EF28193-8B4E-46CA-A510-556B5490FF1E}.Ad-Hoc|x86.ActiveCfg = Release|x86
		{3EF28193-8B4E-46CA-A510-556B5490FF1E}.Ad-Hoc|x86.Build.0 = Release|x86
		{3EF28193-8B4E-46CA-A510-556B5490FF1E}.Ad-Hoc|x86.Deploy.0 = Release|x86
		{3EF28193-8B4E-46CA-A510-556B5490FF1E}.AppStore|Any CPU.ActiveCfg = Release|x86
		{3EF28193-8B4E-46CA-A510-556B5490FF1E}.AppStore|Any CPU.Build.0 = Release|x86
		{3EF28193-8B4E-46CA-A510-556B5490FF1E}.AppStore|Any CPU.Deploy.0 = Release|x86
		{3EF28193-8B4E-46CA-A510-556B5490FF1E}.AppStore|ARM.ActiveCfg = Release|ARM
		{3EF28193-8B4E-46CA-A510-556B5490FF1E}.AppStore|ARM.Build.0 = Release|ARM
		{3EF28193-8B4E-46CA-A510-556B5490FF1E}.AppStore|ARM.Deploy.0 = Release|ARM
		{3EF28193-8B4E-46CA-A510-556B5490FF1E}.AppStore|iPhone.ActiveCfg = Release|x86
		{3EF28193-8B4E-46CA-A510-556B5490FF1E}.AppStore|iPhone.Build.0 = Release|x86
		{3EF28193-8B4E-46CA-A510-556B5490FF1E}.AppStore|iPhone.Deploy.0 = Release|x86
		{3EF28193-8B4E-46CA-A510-556B5490FF1E}.AppStore|iPhoneSimulator.ActiveCfg = Release|x86
		{3EF28193-8B4E-46CA-A510-556B5490FF1E}.AppStore|iPhoneSimulator.Build.0 = Release|x86
		{3EF28193-8B4E-46CA-A510-556B5490FF1E}.AppStore|iPhoneSimulator.Deploy.0 = Release|x86
		{3EF28193-8B4E-46CA-A510-556B5490FF1E}.AppStore|x64.ActiveCfg = Release|x64
		{3EF28193-8B4E-46CA-A510-556B5490FF1E}.AppStore|x64.Build.0 = Release|x64
		{3EF28193-8B4E-46CA-A510-556B5490FF1E}.AppStore|x64.Deploy.0 = Release|x64
		{3EF28193-8B4E-46CA-A510-556B5490FF1E}.AppStore|x86.ActiveCfg = Release|x86
		{3EF28193-8B4E-46CA-A510-556B5490FF1E}.AppStore|x86.Build.0 = Release|x86
		{3EF28193-8B4E-46CA-A510-556B5490FF1E}.AppStore|x86.Deploy.0 = Release|x86
		{3EF28193-8B4E-46CA-A510-556B5490FF1E}.Debug|Any CPU.ActiveCfg = Debug|x86
		{3EF28193-8B4E-46CA-A510-556B5490FF1E}.Debug|Any CPU.Build.0 = Debug|x86
		{3EF28193-8B4E-46CA-A510-556B5490FF1E}.Debug|Any CPU.Deploy.0 = Debug|x86
		{3EF28193-8B4E-46CA-A510-556B5490FF1E}.Debug|ARM.ActiveCfg = Debug|ARM
		{3EF28193-8B4E-46CA-A510-556B5490FF1E}.Debug|ARM.Build.0 = Debug|ARM
		{3EF28193-8B4E-46CA-A510-556B5490FF1E}.Debug|ARM.Deploy.0 = Debug|ARM
		{3EF28193-8B4E-46CA-A510-556B5490FF1E}.Debug|iPhone.ActiveCfg = Debug|x86
		{3EF28193-8B4E-46CA-A510-556B5490FF1E}.Debug|iPhoneSimulator.ActiveCfg = Debug|x86
		{3EF28193-8B4E-46CA-A510-556B5490FF1E}.Debug|x64.ActiveCfg = Debug|x64
		{3EF28193-8B4E-46CA-A510-556B5490FF1E}.Debug|x64.Build.0 = Debug|x64
		{3EF28193-8B4E-46CA-A510-556B5490FF1E}.Debug|x64.Deploy.0 = Debug|x64
		{3EF28193-8B4E-46CA-A510-556B5490FF1E}.Debug|x86.ActiveCfg = Debug|x86
		{3EF28193-8B4E-46CA-A510-556B5490FF1E}.Debug|x86.Build.0 = Debug|x86
		{3EF28193-8B4E-46CA-A510-556B5490FF1E}.Debug|x86.Deploy.0 = Debug|x86
		{3EF28193-8B4E-46CA-A510-556B5490FF1E}.Release|Any CPU.ActiveCfg = Release|x86
		{3EF28193-8B4E-46CA-A510-556B5490FF1E}.Release|ARM.ActiveCfg = Release|ARM
		{3EF28193-8B4E-46CA-A510-556B5490FF1E}.Release|ARM.Build.0 = Release|ARM
		{3EF28193-8B4E-46CA-A510-556B5490FF1E}.Release|ARM.Deploy.0 = Release|ARM
		{3EF28193-8B4E-46CA-A510-556B5490FF1E}.Release|iPhone.ActiveCfg = Release|x86
		{3EF28193-8B4E-46CA-A510-556B5490FF1E}.Release|iPhoneSimulator.ActiveCfg = Release|x86
		{3EF28193-8B4E-46CA-A510-556B5490FF1E}.Release|x64.ActiveCfg = Release|x64
		{3EF28193-8B4E-46CA-A510-556B5490FF1E}.Release|x64.Build.0 = Release|x64
		{3EF28193-8B4E-46CA-A510-556B5490FF1E}.Release|x64.Deploy.0 = Release|x64
		{3EF28193-8B4E-46CA-A510-556B5490FF1E}.Release|x86.ActiveCfg = Release|x86
		{3EF28193-8B4E-46CA-A510-556B5490FF1E}.Release|x86.Build.0 = Release|x86
		{3EF28193-8B4E-46CA-A510-556B5490FF1E}.Release|x86.Deploy.0 = Release|x86
		{CAFC4C60-F87A-4E99-9AAB-A98DA96DEE99}.Ad-Hoc|Any CPU.ActiveCfg = Ad-Hoc|iPhone
		{CAFC4C60-F87A-4E99-9AAB-A98DA96DEE99}.Ad-Hoc|ARM.ActiveCfg = Ad-Hoc|iPhone
		{CAFC4C60-F87A-4E99-9AAB-A98DA96DEE99}.Ad-Hoc|iPhone.ActiveCfg = Ad-Hoc|iPhone
		{CAFC4C60-F87A-4E99-9AAB-A98DA96DEE99}.Ad-Hoc|iPhone.Build.0 = Ad-Hoc|iPhone
		{CAFC4C60-F87A-4E99-9AAB-A98DA96DEE99}.Ad-Hoc|iPhoneSimulator.ActiveCfg = Ad-Hoc|iPhoneSimulator
		{CAFC4C60-F87A-4E99-9AAB-A98DA96DEE99}.Ad-Hoc|iPhoneSimulator.Build.0 = Ad-Hoc|iPhoneSimulator
		{CAFC4C60-F87A-4E99-9AAB-A98DA96DEE99}.Ad-Hoc|x64.ActiveCfg = Ad-Hoc|iPhone
		{CAFC4C60-F87A-4E99-9AAB-A98DA96DEE99}.Ad-Hoc|x86.ActiveCfg = Ad-Hoc|iPhone
		{CAFC4C60-F87A-4E99-9AAB-A98DA96DEE99}.AppStore|Any CPU.ActiveCfg = AppStore|iPhone
		{CAFC4C60-F87A-4E99-9AAB-A98DA96DEE99}.AppStore|ARM.ActiveCfg = AppStore|iPhone
		{CAFC4C60-F87A-4E99-9AAB-A98DA96DEE99}.AppStore|iPhone.ActiveCfg = AppStore|iPhone
		{CAFC4C60-F87A-4E99-9AAB-A98DA96DEE99}.AppStore|iPhone.Build.0 = AppStore|iPhone
		{CAFC4C60-F87A-4E99-9AAB-A98DA96DEE99}.AppStore|iPhoneSimulator.ActiveCfg = AppStore|iPhoneSimulator
		{CAFC4C60-F87A-4E99-9AAB-A98DA96DEE99}.AppStore|iPhoneSimulator.Build.0 = AppStore|iPhoneSimulator
		{CAFC4C60-F87A-4E99-9AAB-A98DA96DEE99}.AppStore|x64.ActiveCfg = AppStore|iPhone
		{CAFC4C60-F87A-4E99-9AAB-A98DA96DEE99}.AppStore|x86.ActiveCfg = AppStore|iPhone
		{CAFC4C60-F87A-4E99-9AAB-A98DA96DEE99}.Debug|Any CPU.ActiveCfg = Debug|iPhone
		{CAFC4C60-F87A-4E99-9AAB-A98DA96DEE99}.Debug|Any CPU.Deploy.0 = Debug|iPhone
		{CAFC4C60-F87A-4E99-9AAB-A98DA96DEE99}.Debug|ARM.ActiveCfg = Debug|iPhone
		{CAFC4C60-F87A-4E99-9AAB-A98DA96DEE99}.Debug|iPhone.ActiveCfg = Debug|iPhone
		{CAFC4C60-F87A-4E99-9AAB-A98DA96DEE99}.Debug|iPhone.Build.0 = Debug|iPhone
		{CAFC4C60-F87A-4E99-9AAB-A98DA96DEE99}.Debug|iPhoneSimulator.ActiveCfg = Debug|iPhoneSimulator
		{CAFC4C60-F87A-4E99-9AAB-A98DA96DEE99}.Debug|iPhoneSimulator.Build.0 = Debug|iPhoneSimulator
		{CAFC4C60-F87A-4E99-9AAB-A98DA96DEE99}.Debug|x64.ActiveCfg = Debug|iPhone
		{CAFC4C60-F87A-4E99-9AAB-A98DA96DEE99}.Debug|x86.ActiveCfg = Debug|iPhone
		{CAFC4C60-F87A-4E99-9AAB-A98DA96DEE99}.Release|Any CPU.ActiveCfg = Release|iPhone
		{CAFC4C60-F87A-4E99-9AAB-A98DA96DEE99}.Release|ARM.ActiveCfg = Release|iPhone
		{CAFC4C60-F87A-4E99-9AAB-A98DA96DEE99}.Release|iPhone.ActiveCfg = Release|iPhone
		{CAFC4C60-F87A-4E99-9AAB-A98DA96DEE99}.Release|iPhone.Build.0 = Release|iPhone
		{CAFC4C60-F87A-4E99-9AAB-A98DA96DEE99}.Release|iPhoneSimulator.ActiveCfg = Release|iPhoneSimulator
		{CAFC4C60-F87A-4E99-9AAB-A98DA96DEE99}.Release|iPhoneSimulator.Build.0 = Release|iPhoneSimulator
		{CAFC4C60-F87A-4E99-9AAB-A98DA96DEE99}.Release|x64.ActiveCfg = Release|iPhone
		{CAFC4C60-F87A-4E99-9AAB-A98DA96DEE99}.Release|x86.ActiveCfg = Release|iPhone
	EndGlobalSection
	GlobalSection(SolutionProperties) = preSolution
		HideSolutionNode = FALSE
	EndGlobalSection
EndGlobal
