
Microsoft Visual Studio Solution File, Format Version 12.00
# Visual Studio 2012
Project("{FAE04EC0-301F-11D3-BF4B-00C04F79EFBC}") = "Project78.iOS", "Project78.iOS.csproj", "{F28E8C0D-EF3A-4315-BFE0-8DB662762C6E}"
EndProject
Global
	GlobalSection(SolutionConfigurationPlatforms) = preSolution
		Debug|iPhoneSimulator = Debug|iPhoneSimulator
		Release|iPhone = Release|iPhone
		Release|iPhoneSimulator = Release|iPhoneSimulator
		Debug|iPhone = Debug|iPhone
	EndGlobalSection
	GlobalSection(ProjectConfigurationPlatforms) = postSolution
		{F28E8C0D-EF3A-4315-BFE0-8DB662762C6E}.Debug|iPhoneSimulator.ActiveCfg = Debug|iPhoneSimulator
		{F28E8C0D-EF3A-4315-BFE0-8DB662762C6E}.Debug|iPhoneSimulator.Build.0 = Debug|iPhoneSimulator
		{F28E8C0D-EF3A-4315-BFE0-8DB662762C6E}.Release|iPhone.ActiveCfg = Release|iPhone
		{F28E8C0D-EF3A-4315-BFE0-8DB662762C6E}.Release|iPhone.Build.0 = Release|iPhone
		{F28E8C0D-EF3A-4315-BFE0-8DB662762C6E}.Release|iPhoneSimulator.ActiveCfg = Release|iPhoneSimulator
		{F28E8C0D-EF3A-4315-BFE0-8DB662762C6E}.Release|iPhoneSimulator.Build.0 = Release|iPhoneSimulator
		{F28E8C0D-EF3A-4315-BFE0-8DB662762C6E}.Debug|iPhone.ActiveCfg = Debug|iPhone
		{F28E8C0D-EF3A-4315-BFE0-8DB662762C6E}.Debug|iPhone.Build.0 = Debug|iPhone
	EndGlobalSection
EndGlobal
